// !$*UTF8*$!
{
	archiveVersion = 1;
	classes = {
	};
	objectVersion = 56;
	objects = {

/* Begin PBXBuildFile section */
		5C5B1C262979E725008059A0 /* PowerupEmitter.sks in Resources */ = {isa = PBXBuildFile; fileRef = 5C5B1C252979E725008059A0 /* PowerupEmitter.sks */; };
		5C5B1C282979F597008059A0 /* Level_1-1.sks in Resources */ = {isa = PBXBuildFile; fileRef = 5C5B1C272979F597008059A0 /* Level_1-1.sks */; };
		5C5B1C2E297A039E008059A0 /* button.wav in Resources */ = {isa = PBXBuildFile; fileRef = 5C5B1C2C297A039E008059A0 /* button.wav */; };
		5C5B1C2F297A039E008059A0 /* coin.wav in Resources */ = {isa = PBXBuildFile; fileRef = 5C5B1C2D297A039E008059A0 /* coin.wav */; };
		5C5B1C31297A03A4008059A0 /* completed.wav in Resources */ = {isa = PBXBuildFile; fileRef = 5C5B1C30297A03A4008059A0 /* completed.wav */; };
		5C5B1C33297A03AA008059A0 /* gameover.wav in Resources */ = {isa = PBXBuildFile; fileRef = 5C5B1C32297A03AA008059A0 /* gameover.wav */; };
		5C5B1C3C297A07DD008059A0 /* background.wav in Resources */ = {isa = PBXBuildFile; fileRef = 5C5B1C3B297A07DD008059A0 /* background.wav */; };
		5C5BD7DD2977467F0037CCBA /* ParticleHelper.swift in Sources */ = {isa = PBXBuildFile; fileRef = 5C5BD7DC2977467F0037CCBA /* ParticleHelper.swift */; };
		5C5BD7E1297748670037CCBA /* CoinDustEmitter.sks in Resources */ = {isa = PBXBuildFile; fileRef = 5C5BD7DF297748670037CCBA /* CoinDustEmitter.sks */; };
		5C5BD7E2297748670037CCBA /* Assets.xcassets in Resources */ = {isa = PBXBuildFile; fileRef = 5C5BD7E0297748670037CCBA /* Assets.xcassets */; };
		5C5BD7E82977515C0037CCBA /* BrakeMagicEmitter.sks in Resources */ = {isa = PBXBuildFile; fileRef = 5C5BD7E72977515C0037CCBA /* BrakeMagicEmitter.sks */; };
		5C5BD7EA29789FB90037CCBA /* PopupNode.swift in Sources */ = {isa = PBXBuildFile; fileRef = 5C5BD7E929789FB90037CCBA /* PopupNode.swift */; };
		5C5BD7EC29789FFF0037CCBA /* ScorePopupNode.swift in Sources */ = {isa = PBXBuildFile; fileRef = 5C5BD7EB29789FFF0037CCBA /* ScorePopupNode.swift */; };
		5C5BD7EE2978A02B0037CCBA /* BannerLabel.swift in Sources */ = {isa = PBXBuildFile; fileRef = 5C5BD7ED2978A02B0037CCBA /* BannerLabel.swift */; };
		5C5BD7F02978A04D0037CCBA /* PopupButtonHandlerDelegate.swift in Sources */ = {isa = PBXBuildFile; fileRef = 5C5BD7EF2978A04D0037CCBA /* PopupButtonHandlerDelegate.swift */; };
		5C5BD7F22978A0B30037CCBA /* SpriteKitButton.swift in Sources */ = {isa = PBXBuildFile; fileRef = 5C5BD7F12978A0B30037CCBA /* SpriteKitButton.swift */; };
		5C5BD7F42978AD340037CCBA /* ScoreManager.swift in Sources */ = {isa = PBXBuildFile; fileRef = 5C5BD7F32978AD340037CCBA /* ScoreManager.swift */; };
		5C5BD7F62978FF130037CCBA /* MenuScene.swift in Sources */ = {isa = PBXBuildFile; fileRef = 5C5BD7F52978FF130037CCBA /* MenuScene.swift */; };
		5C5BD7F8297903630037CCBA /* PEPSI_pl.ttf in Resources */ = {isa = PBXBuildFile; fileRef = 5C5BD7F7297903630037CCBA /* PEPSI_pl.ttf */; };
		5C5BD7FA297907230037CCBA /* SceneManagerDelegate.swift in Sources */ = {isa = PBXBuildFile; fileRef = 5C5BD7F9297907230037CCBA /* SceneManagerDelegate.swift */; };
		5C5BD7FC29790B6C0037CCBA /* LevelScene.swift in Sources */ = {isa = PBXBuildFile; fileRef = 5C5BD7FB29790B6C0037CCBA /* LevelScene.swift */; };
		5C8772E129720CCD008E6F2C /* Layer.swift in Sources */ = {isa = PBXBuildFile; fileRef = 5C8772E029720CCD008E6F2C /* Layer.swift */; };
		5C8772E32974B898008E6F2C /* RepeatingLayer.swift in Sources */ = {isa = PBXBuildFile; fileRef = 5C8772E22974B898008E6F2C /* RepeatingLayer.swift */; };
		5C8772E52974BCF8008E6F2C /* GameConstants.swift in Sources */ = {isa = PBXBuildFile; fileRef = 5C8772E42974BCF8008E6F2C /* GameConstants.swift */; };
		5C8772E82974C161008E6F2C /* Player.swift in Sources */ = {isa = PBXBuildFile; fileRef = 5C8772E72974C160008E6F2C /* Player.swift */; };
		5C8772EB2974CB42008E6F2C /* PhysicsHelper.swift in Sources */ = {isa = PBXBuildFile; fileRef = 5C8772EA2974CB42008E6F2C /* PhysicsHelper.swift */; };
		5CA186732976426E00C4B3FA /* ObjectHelper.swift in Sources */ = {isa = PBXBuildFile; fileRef = 5CA186722976426E00C4B3FA /* ObjectHelper.swift */; };
		5CA186752977807600C4B3FA /* MyActions.sks in Resources */ = {isa = PBXBuildFile; fileRef = 5CA186742977807600C4B3FA /* MyActions.sks */; };
		5CAC6F9F2974E85A00A116A0 /* GroundNode.swift in Sources */ = {isa = PBXBuildFile; fileRef = 5CAC6F9E2974E85A00A116A0 /* GroundNode.swift */; };
		5CAC6FA12975DF5500A116A0 /* AnimationHelper.swift in Sources */ = {isa = PBXBuildFile; fileRef = 5CAC6FA02975DF5500A116A0 /* AnimationHelper.swift */; };
		5CB5A2CA297A3774009F29D8 /* SoundPlayer.swift in Sources */ = {isa = PBXBuildFile; fileRef = 5CB5A2C9297A3774009F29D8 /* SoundPlayer.swift */; };
		5CB5A2CC297A38F7009F29D8 /* powerup.wav in Resources */ = {isa = PBXBuildFile; fileRef = 5CB5A2CB297A38F7009F29D8 /* powerup.wav */; };
		5CB5A2CE297B73C9009F29D8 /* Level_0-2.sks in Resources */ = {isa = PBXBuildFile; fileRef = 5CB5A2CD297B73C9009F29D8 /* Level_0-2.sks */; };
		5CB5A2D0297B73DC009F29D8 /* Level_1-2.sks in Resources */ = {isa = PBXBuildFile; fileRef = 5CB5A2CF297B73DC009F29D8 /* Level_1-2.sks */; };
		5CB5A2D2297B73E5009F29D8 /* Level_0-3.sks in Resources */ = {isa = PBXBuildFile; fileRef = 5CB5A2D1297B73E5009F29D8 /* Level_0-3.sks */; };
		5CB5A2D4297B73F1009F29D8 /* Level_1-3.sks in Resources */ = {isa = PBXBuildFile; fileRef = 5CB5A2D3297B73F1009F29D8 /* Level_1-3.sks */; };
		5CBCF6F3296FE8470061104A /* AppDelegate.swift in Sources */ = {isa = PBXBuildFile; fileRef = 5CBCF6F2296FE8470061104A /* AppDelegate.swift */; };
		5CBCF6F9296FE8470061104A /* GameScene.swift in Sources */ = {isa = PBXBuildFile; fileRef = 5CBCF6F8296FE8470061104A /* GameScene.swift */; };
		5CBCF6FB296FE8470061104A /* GameViewController.swift in Sources */ = {isa = PBXBuildFile; fileRef = 5CBCF6FA296FE8470061104A /* GameViewController.swift */; };
		5CBCF6FE296FE8470061104A /* Main.storyboard in Resources */ = {isa = PBXBuildFile; fileRef = 5CBCF6FC296FE8470061104A /* Main.storyboard */; };
		5CBCF700296FE8490061104A /* Assets.xcassets in Resources */ = {isa = PBXBuildFile; fileRef = 5CBCF6FF296FE8490061104A /* Assets.xcassets */; };
		5CBCF703296FE8490061104A /* LaunchScreen.storyboard in Resources */ = {isa = PBXBuildFile; fileRef = 5CBCF701296FE8490061104A /* LaunchScreen.storyboard */; };
		5CBCF70D296FE8490061104A /* cowboy_runTests.swift in Sources */ = {isa = PBXBuildFile; fileRef = 5CBCF70C296FE8490061104A /* cowboy_runTests.swift */; };
		5CBCF717296FE8490061104A /* cowboy_runUITests.swift in Sources */ = {isa = PBXBuildFile; fileRef = 5CBCF716296FE8490061104A /* cowboy_runUITests.swift */; };
		5CBCF719296FE8490061104A /* cowboy_runUITestsLaunchTests.swift in Sources */ = {isa = PBXBuildFile; fileRef = 5CBCF718296FE8490061104A /* cowboy_runUITestsLaunchTests.swift */; };
		5CBCF72C2970EE3D0061104A /* Level_0-1.sks in Resources */ = {isa = PBXBuildFile; fileRef = 5CBCF72B2970EE3D0061104A /* Level_0-1.sks */; };
		5CBCF72F2970EEFA0061104A /* TileSets.sks in Resources */ = {isa = PBXBuildFile; fileRef = 5CBCF72E2970EEFA0061104A /* TileSets.sks */; };
		5CBCF7322970F25E0061104A /* SKNode+Extensions.swift in Sources */ = {isa = PBXBuildFile; fileRef = 5CBCF7312970F25E0061104A /* SKNode+Extensions.swift */; };
		5CFC88AE2977839D00791959 /* up-down-rotate.sks in Resources */ = {isa = PBXBuildFile; fileRef = 5CFC88AD2977839D00791959 /* up-down-rotate.sks */; };
		5CFC88B1297789E800791959 /* HUDDelegate.swift in Sources */ = {isa = PBXBuildFile; fileRef = 5CFC88B0297789E800791959 /* HUDDelegate.swift */; };
		5CFC88B329778A3700791959 /* GameHUD.swift in Sources */ = {isa = PBXBuildFile; fileRef = 5CFC88B229778A3700791959 /* GameHUD.swift */; };
/* End PBXBuildFile section */

/* Begin PBXContainerItemProxy section */
		5CBCF709296FE8490061104A /* PBXContainerItemProxy */ = {
			isa = PBXContainerItemProxy;
			containerPortal = 5CBCF6E7296FE8470061104A /* Project object */;
			proxyType = 1;
			remoteGlobalIDString = 5CBCF6EE296FE8470061104A;
			remoteInfo = "cowboy run";
		};
		5CBCF713296FE8490061104A /* PBXContainerItemProxy */ = {
			isa = PBXContainerItemProxy;
			containerPortal = 5CBCF6E7296FE8470061104A /* Project object */;
			proxyType = 1;
			remoteGlobalIDString = 5CBCF6EE296FE8470061104A;
			remoteInfo = "cowboy run";
		};
/* End PBXContainerItemProxy section */

/* Begin PBXFileReference section */
		5C5B1C252979E725008059A0 /* PowerupEmitter.sks */ = {isa = PBXFileReference; lastKnownFileType = file.sks; path = PowerupEmitter.sks; sourceTree = "<group>"; };
		5C5B1C272979F597008059A0 /* Level_1-1.sks */ = {isa = PBXFileReference; lastKnownFileType = file.sks; path = "Level_1-1.sks"; sourceTree = "<group>"; };
		5C5B1C2C297A039E008059A0 /* button.wav */ = {isa = PBXFileReference; lastKnownFileType = audio.wav; path = button.wav; sourceTree = "<group>"; };
		5C5B1C2D297A039E008059A0 /* coin.wav */ = {isa = PBXFileReference; lastKnownFileType = audio.wav; path = coin.wav; sourceTree = "<group>"; };
		5C5B1C30297A03A4008059A0 /* completed.wav */ = {isa = PBXFileReference; lastKnownFileType = audio.wav; path = completed.wav; sourceTree = "<group>"; };
		5C5B1C32297A03AA008059A0 /* gameover.wav */ = {isa = PBXFileReference; lastKnownFileType = audio.wav; path = gameover.wav; sourceTree = "<group>"; };
		5C5B1C3B297A07DD008059A0 /* background.wav */ = {isa = PBXFileReference; lastKnownFileType = audio.wav; path = background.wav; sourceTree = "<group>"; };
		5C5BD7DC2977467F0037CCBA /* ParticleHelper.swift */ = {isa = PBXFileReference; lastKnownFileType = sourcecode.swift; path = ParticleHelper.swift; sourceTree = "<group>"; };
		5C5BD7DF297748670037CCBA /* CoinDustEmitter.sks */ = {isa = PBXFileReference; lastKnownFileType = file.sks; path = CoinDustEmitter.sks; sourceTree = "<group>"; };
		5C5BD7E0297748670037CCBA /* Assets.xcassets */ = {isa = PBXFileReference; lastKnownFileType = folder.assetcatalog; path = Assets.xcassets; sourceTree = "<group>"; };
		5C5BD7E72977515C0037CCBA /* BrakeMagicEmitter.sks */ = {isa = PBXFileReference; lastKnownFileType = file.sks; path = BrakeMagicEmitter.sks; sourceTree = "<group>"; };
		5C5BD7E929789FB90037CCBA /* PopupNode.swift */ = {isa = PBXFileReference; lastKnownFileType = sourcecode.swift; path = PopupNode.swift; sourceTree = "<group>"; };
		5C5BD7EB29789FFF0037CCBA /* ScorePopupNode.swift */ = {isa = PBXFileReference; lastKnownFileType = sourcecode.swift; path = ScorePopupNode.swift; sourceTree = "<group>"; };
		5C5BD7ED2978A02B0037CCBA /* BannerLabel.swift */ = {isa = PBXFileReference; lastKnownFileType = sourcecode.swift; path = BannerLabel.swift; sourceTree = "<group>"; };
		5C5BD7EF2978A04D0037CCBA /* PopupButtonHandlerDelegate.swift */ = {isa = PBXFileReference; lastKnownFileType = sourcecode.swift; path = PopupButtonHandlerDelegate.swift; sourceTree = "<group>"; };
		5C5BD7F12978A0B30037CCBA /* SpriteKitButton.swift */ = {isa = PBXFileReference; lastKnownFileType = sourcecode.swift; path = SpriteKitButton.swift; sourceTree = "<group>"; };
		5C5BD7F32978AD340037CCBA /* ScoreManager.swift */ = {isa = PBXFileReference; lastKnownFileType = sourcecode.swift; path = ScoreManager.swift; sourceTree = "<group>"; };
		5C5BD7F52978FF130037CCBA /* MenuScene.swift */ = {isa = PBXFileReference; lastKnownFileType = sourcecode.swift; path = MenuScene.swift; sourceTree = "<group>"; };
		5C5BD7F7297903630037CCBA /* PEPSI_pl.ttf */ = {isa = PBXFileReference; lastKnownFileType = file; path = PEPSI_pl.ttf; sourceTree = "<group>"; };
		5C5BD7F9297907230037CCBA /* SceneManagerDelegate.swift */ = {isa = PBXFileReference; lastKnownFileType = sourcecode.swift; path = SceneManagerDelegate.swift; sourceTree = "<group>"; };
		5C5BD7FB29790B6C0037CCBA /* LevelScene.swift */ = {isa = PBXFileReference; lastKnownFileType = sourcecode.swift; path = LevelScene.swift; sourceTree = "<group>"; };
		5C8772E029720CCD008E6F2C /* Layer.swift */ = {isa = PBXFileReference; lastKnownFileType = sourcecode.swift; path = Layer.swift; sourceTree = "<group>"; };
		5C8772E22974B898008E6F2C /* RepeatingLayer.swift */ = {isa = PBXFileReference; lastKnownFileType = sourcecode.swift; path = RepeatingLayer.swift; sourceTree = "<group>"; };
		5C8772E42974BCF8008E6F2C /* GameConstants.swift */ = {isa = PBXFileReference; lastKnownFileType = sourcecode.swift; path = GameConstants.swift; sourceTree = "<group>"; };
		5C8772E72974C160008E6F2C /* Player.swift */ = {isa = PBXFileReference; lastKnownFileType = sourcecode.swift; path = Player.swift; sourceTree = "<group>"; };
		5C8772EA2974CB42008E6F2C /* PhysicsHelper.swift */ = {isa = PBXFileReference; lastKnownFileType = sourcecode.swift; path = PhysicsHelper.swift; sourceTree = "<group>"; };
		5CA186722976426E00C4B3FA /* ObjectHelper.swift */ = {isa = PBXFileReference; lastKnownFileType = sourcecode.swift; path = ObjectHelper.swift; sourceTree = "<group>"; };
		5CA186742977807600C4B3FA /* MyActions.sks */ = {isa = PBXFileReference; lastKnownFileType = file.sks; path = MyActions.sks; sourceTree = "<group>"; };
		5CAC6F9E2974E85A00A116A0 /* GroundNode.swift */ = {isa = PBXFileReference; lastKnownFileType = sourcecode.swift; path = GroundNode.swift; sourceTree = "<group>"; };
		5CAC6FA02975DF5500A116A0 /* AnimationHelper.swift */ = {isa = PBXFileReference; lastKnownFileType = sourcecode.swift; path = AnimationHelper.swift; sourceTree = "<group>"; };
		5CB5A2C9297A3774009F29D8 /* SoundPlayer.swift */ = {isa = PBXFileReference; lastKnownFileType = sourcecode.swift; path = SoundPlayer.swift; sourceTree = "<group>"; };
		5CB5A2CB297A38F7009F29D8 /* powerup.wav */ = {isa = PBXFileReference; lastKnownFileType = audio.wav; path = powerup.wav; sourceTree = "<group>"; };
		5CB5A2CD297B73C9009F29D8 /* Level_0-2.sks */ = {isa = PBXFileReference; lastKnownFileType = file.sks; path = "Level_0-2.sks"; sourceTree = "<group>"; };
		5CB5A2CF297B73DC009F29D8 /* Level_1-2.sks */ = {isa = PBXFileReference; lastKnownFileType = file.sks; path = "Level_1-2.sks"; sourceTree = "<group>"; };
		5CB5A2D1297B73E5009F29D8 /* Level_0-3.sks */ = {isa = PBXFileReference; lastKnownFileType = file.sks; path = "Level_0-3.sks"; sourceTree = "<group>"; };
		5CB5A2D3297B73F1009F29D8 /* Level_1-3.sks */ = {isa = PBXFileReference; lastKnownFileType = file.sks; path = "Level_1-3.sks"; sourceTree = "<group>"; };
		5CBCF6EF296FE8470061104A /* cowboy run.app */ = {isa = PBXFileReference; explicitFileType = wrapper.application; includeInIndex = 0; path = "cowboy run.app"; sourceTree = BUILT_PRODUCTS_DIR; };
		5CBCF6F2296FE8470061104A /* AppDelegate.swift */ = {isa = PBXFileReference; lastKnownFileType = sourcecode.swift; path = AppDelegate.swift; sourceTree = "<group>"; };
		5CBCF6F8296FE8470061104A /* GameScene.swift */ = {isa = PBXFileReference; lastKnownFileType = sourcecode.swift; path = GameScene.swift; sourceTree = "<group>"; };
		5CBCF6FA296FE8470061104A /* GameViewController.swift */ = {isa = PBXFileReference; lastKnownFileType = sourcecode.swift; path = GameViewController.swift; sourceTree = "<group>"; };
		5CBCF6FD296FE8470061104A /* Base */ = {isa = PBXFileReference; lastKnownFileType = file.storyboard; name = Base; path = Base.lproj/Main.storyboard; sourceTree = "<group>"; };
		5CBCF6FF296FE8490061104A /* Assets.xcassets */ = {isa = PBXFileReference; lastKnownFileType = folder.assetcatalog; path = Assets.xcassets; sourceTree = "<group>"; };
		5CBCF702296FE8490061104A /* Base */ = {isa = PBXFileReference; lastKnownFileType = file.storyboard; name = Base; path = Base.lproj/LaunchScreen.storyboard; sourceTree = "<group>"; };
		5CBCF708296FE8490061104A /* cowboy runTests.xctest */ = {isa = PBXFileReference; explicitFileType = wrapper.cfbundle; includeInIndex = 0; path = "cowboy runTests.xctest"; sourceTree = BUILT_PRODUCTS_DIR; };
		5CBCF70C296FE8490061104A /* cowboy_runTests.swift */ = {isa = PBXFileReference; lastKnownFileType = sourcecode.swift; path = cowboy_runTests.swift; sourceTree = "<group>"; };
		5CBCF712296FE8490061104A /* cowboy runUITests.xctest */ = {isa = PBXFileReference; explicitFileType = wrapper.cfbundle; includeInIndex = 0; path = "cowboy runUITests.xctest"; sourceTree = BUILT_PRODUCTS_DIR; };
		5CBCF716296FE8490061104A /* cowboy_runUITests.swift */ = {isa = PBXFileReference; lastKnownFileType = sourcecode.swift; path = cowboy_runUITests.swift; sourceTree = "<group>"; };
		5CBCF718296FE8490061104A /* cowboy_runUITestsLaunchTests.swift */ = {isa = PBXFileReference; lastKnownFileType = sourcecode.swift; path = cowboy_runUITestsLaunchTests.swift; sourceTree = "<group>"; };
		5CBCF725296FE8720061104A /* cowboy-run-Info.plist */ = {isa = PBXFileReference; lastKnownFileType = text.plist; path = "cowboy-run-Info.plist"; sourceTree = SOURCE_ROOT; };
		5CBCF72B2970EE3D0061104A /* Level_0-1.sks */ = {isa = PBXFileReference; lastKnownFileType = file.sks; path = "Level_0-1.sks"; sourceTree = "<group>"; };
		5CBCF72E2970EEFA0061104A /* TileSets.sks */ = {isa = PBXFileReference; lastKnownFileType = file.sks; path = TileSets.sks; sourceTree = "<group>"; };
		5CBCF7312970F25E0061104A /* SKNode+Extensions.swift */ = {isa = PBXFileReference; lastKnownFileType = sourcecode.swift; path = "SKNode+Extensions.swift"; sourceTree = "<group>"; };
		5CFC88AD2977839D00791959 /* up-down-rotate.sks */ = {isa = PBXFileReference; lastKnownFileType = file.sks; path = "up-down-rotate.sks"; sourceTree = "<group>"; };
		5CFC88B0297789E800791959 /* HUDDelegate.swift */ = {isa = PBXFileReference; lastKnownFileType = sourcecode.swift; path = HUDDelegate.swift; sourceTree = "<group>"; };
		5CFC88B229778A3700791959 /* GameHUD.swift */ = {isa = PBXFileReference; lastKnownFileType = sourcecode.swift; path = GameHUD.swift; sourceTree = "<group>"; };
/* End PBXFileReference section */

/* Begin PBXFrameworksBuildPhase section */
		5CBCF6EC296FE8470061104A /* Frameworks */ = {
			isa = PBXFrameworksBuildPhase;
			buildActionMask = 2147483647;
			files = (
			);
			runOnlyForDeploymentPostprocessing = 0;
		};
		5CBCF705296FE8490061104A /* Frameworks */ = {
			isa = PBXFrameworksBuildPhase;
			buildActionMask = 2147483647;
			files = (
			);
			runOnlyForDeploymentPostprocessing = 0;
		};
		5CBCF70F296FE8490061104A /* Frameworks */ = {
			isa = PBXFrameworksBuildPhase;
			buildActionMask = 2147483647;
			files = (
			);
			runOnlyForDeploymentPostprocessing = 0;
		};
/* End PBXFrameworksBuildPhase section */

/* Begin PBXGroup section */
		5C5B1C29297A033F008059A0 /* Audio */ = {
			isa = PBXGroup;
			children = (
				5C5B1C3B297A07DD008059A0 /* background.wav */,
				5C5B1C2C297A039E008059A0 /* button.wav */,
				5C5B1C2D297A039E008059A0 /* coin.wav */,
				5C5B1C30297A03A4008059A0 /* completed.wav */,
				5C5B1C32297A03AA008059A0 /* gameover.wav */,
				5CB5A2CB297A38F7009F29D8 /* powerup.wav */,
			);
			path = Audio;
			sourceTree = "<group>";
		};
		5C5BD7DE297747F20037CCBA /* Particle Emitters */ = {
			isa = PBXGroup;
			children = (
				5C5BD7DF297748670037CCBA /* CoinDustEmitter.sks */,
				5C5BD7E0297748670037CCBA /* Assets.xcassets */,
				5C5BD7E72977515C0037CCBA /* BrakeMagicEmitter.sks */,
				5C5B1C252979E725008059A0 /* PowerupEmitter.sks */,
			);
			path = "Particle Emitters";
			sourceTree = "<group>";
		};
		5C8772DF29720CBB008E6F2C /* Layers */ = {
			isa = PBXGroup;
			children = (
				5C8772E029720CCD008E6F2C /* Layer.swift */,
				5C8772E22974B898008E6F2C /* RepeatingLayer.swift */,
			);
			path = Layers;
			sourceTree = "<group>";
		};
		5C8772E62974C12F008E6F2C /* Custom Classes */ = {
			isa = PBXGroup;
			children = (
				5C8772E72974C160008E6F2C /* Player.swift */,
				5CAC6F9E2974E85A00A116A0 /* GroundNode.swift */,
				5CFC88B229778A3700791959 /* GameHUD.swift */,
				5C5BD7E929789FB90037CCBA /* PopupNode.swift */,
				5C5BD7EB29789FFF0037CCBA /* ScorePopupNode.swift */,
				5C5BD7ED2978A02B0037CCBA /* BannerLabel.swift */,
				5C5BD7F12978A0B30037CCBA /* SpriteKitButton.swift */,
				5CB5A2C9297A3774009F29D8 /* SoundPlayer.swift */,
			);
			path = "Custom Classes";
			sourceTree = "<group>";
		};
		5C8772E92974CB2C008E6F2C /* Helper Files */ = {
			isa = PBXGroup;
			children = (
				5C8772EA2974CB42008E6F2C /* PhysicsHelper.swift */,
				5CAC6FA02975DF5500A116A0 /* AnimationHelper.swift */,
				5CA186722976426E00C4B3FA /* ObjectHelper.swift */,
				5C5BD7DC2977467F0037CCBA /* ParticleHelper.swift */,
				5C5BD7F32978AD340037CCBA /* ScoreManager.swift */,
			);
			path = "Helper Files";
			sourceTree = "<group>";
		};
		5CBCF6E6296FE8470061104A = {
			isa = PBXGroup;
			children = (
				5CBCF6F1296FE8470061104A /* cowboy run */,
				5CBCF70B296FE8490061104A /* cowboy runTests */,
				5CBCF715296FE8490061104A /* cowboy runUITests */,
				5CBCF6F0296FE8470061104A /* Products */,
			);
			sourceTree = "<group>";
		};
		5CBCF6F0296FE8470061104A /* Products */ = {
			isa = PBXGroup;
			children = (
				5CBCF6EF296FE8470061104A /* cowboy run.app */,
				5CBCF708296FE8490061104A /* cowboy runTests.xctest */,
				5CBCF712296FE8490061104A /* cowboy runUITests.xctest */,
			);
			name = Products;
			sourceTree = "<group>";
		};
		5CBCF6F1296FE8470061104A /* cowboy run */ = {
			isa = PBXGroup;
			children = (
				5CFC88B429778A7200791959 /* Resources */,
				5CFC88AF297789D400791959 /* Protocols */,
				5C5BD7DE297747F20037CCBA /* Particle Emitters */,
				5C8772E92974CB2C008E6F2C /* Helper Files */,
				5C8772E62974C12F008E6F2C /* Custom Classes */,
				5C8772DF29720CBB008E6F2C /* Layers */,
				5CBCF7302970F2400061104A /* Extensions */,
				5CBCF72D2970EED10061104A /* Tiles */,
				5CBCF7292970ED8F0061104A /* Scene Editor Files */,
				5CBCF6FF296FE8490061104A /* Assets.xcassets */,
				5CBCF728296FE8EC0061104A /* Scene */,
				5CBCF727296FE8E40061104A /* Controller */,
				5CBCF726296FE8CE0061104A /* UI */,
				5CBCF725296FE8720061104A /* cowboy-run-Info.plist */,
				5CBCF6F2296FE8470061104A /* AppDelegate.swift */,
				5C8772E42974BCF8008E6F2C /* GameConstants.swift */,
			);
			path = "cowboy run";
			sourceTree = "<group>";
		};
		5CBCF70B296FE8490061104A /* cowboy runTests */ = {
			isa = PBXGroup;
			children = (
				5CBCF70C296FE8490061104A /* cowboy_runTests.swift */,
			);
			path = "cowboy runTests";
			sourceTree = "<group>";
		};
		5CBCF715296FE8490061104A /* cowboy runUITests */ = {
			isa = PBXGroup;
			children = (
				5CBCF716296FE8490061104A /* cowboy_runUITests.swift */,
				5CBCF718296FE8490061104A /* cowboy_runUITestsLaunchTests.swift */,
			);
			path = "cowboy runUITests";
			sourceTree = "<group>";
		};
		5CBCF726296FE8CE0061104A /* UI */ = {
			isa = PBXGroup;
			children = (
				5CBCF701296FE8490061104A /* LaunchScreen.storyboard */,
				5CBCF6FC296FE8470061104A /* Main.storyboard */,
			);
			path = UI;
			sourceTree = "<group>";
		};
		5CBCF727296FE8E40061104A /* Controller */ = {
			isa = PBXGroup;
			children = (
				5CBCF6FA296FE8470061104A /* GameViewController.swift */,
			);
			path = Controller;
			sourceTree = "<group>";
		};
		5CBCF728296FE8EC0061104A /* Scene */ = {
			isa = PBXGroup;
			children = (
				5CBCF6F8296FE8470061104A /* GameScene.swift */,
				5C5BD7F52978FF130037CCBA /* MenuScene.swift */,
				5C5BD7FB29790B6C0037CCBA /* LevelScene.swift */,
			);
			path = Scene;
			sourceTree = "<group>";
		};
		5CBCF7292970ED8F0061104A /* Scene Editor Files */ = {
			isa = PBXGroup;
			children = (
				5CFC88AD2977839D00791959 /* up-down-rotate.sks */,
				5CA186742977807600C4B3FA /* MyActions.sks */,
				5CBCF72A2970ED9F0061104A /* Levels */,
			);
			path = "Scene Editor Files";
			sourceTree = "<group>";
		};
		5CBCF72A2970ED9F0061104A /* Levels */ = {
			isa = PBXGroup;
			children = (
				5CBCF72B2970EE3D0061104A /* Level_0-1.sks */,
				5CB5A2CD297B73C9009F29D8 /* Level_0-2.sks */,
				5CB5A2D1297B73E5009F29D8 /* Level_0-3.sks */,
				5C5B1C272979F597008059A0 /* Level_1-1.sks */,
				5CB5A2CF297B73DC009F29D8 /* Level_1-2.sks */,
				5CB5A2D3297B73F1009F29D8 /* Level_1-3.sks */,
			);
			path = Levels;
			sourceTree = "<group>";
		};
		5CBCF72D2970EED10061104A /* Tiles */ = {
			isa = PBXGroup;
			children = (
				5CBCF72E2970EEFA0061104A /* TileSets.sks */,
			);
			path = Tiles;
			sourceTree = "<group>";
		};
		5CBCF7302970F2400061104A /* Extensions */ = {
			isa = PBXGroup;
			children = (
				5CBCF7312970F25E0061104A /* SKNode+Extensions.swift */,
			);
			path = Extensions;
			sourceTree = "<group>";
		};
		5CFC88AF297789D400791959 /* Protocols */ = {
			isa = PBXGroup;
			children = (
				5CFC88B0297789E800791959 /* HUDDelegate.swift */,
				5C5BD7EF2978A04D0037CCBA /* PopupButtonHandlerDelegate.swift */,
				5C5BD7F9297907230037CCBA /* SceneManagerDelegate.swift */,
			);
			path = Protocols;
			sourceTree = "<group>";
		};
		5CFC88B429778A7200791959 /* Resources */ = {
			isa = PBXGroup;
			children = (
				5C5B1C29297A033F008059A0 /* Audio */,
				5CFC88B529778A7A00791959 /* Fonts */,
			);
			path = Resources;
			sourceTree = "<group>";
		};
		5CFC88B529778A7A00791959 /* Fonts */ = {
			isa = PBXGroup;
			children = (
				5C5BD7F7297903630037CCBA /* PEPSI_pl.ttf */,
			);
			path = Fonts;
			sourceTree = "<group>";
		};
/* End PBXGroup section */

/* Begin PBXNativeTarget section */
		5CBCF6EE296FE8470061104A /* cowboy run */ = {
			isa = PBXNativeTarget;
			buildConfigurationList = 5CBCF71C296FE8490061104A /* Build configuration list for PBXNativeTarget "cowboy run" */;
			buildPhases = (
				5CBCF6EB296FE8470061104A /* Sources */,
				5CBCF6EC296FE8470061104A /* Frameworks */,
				5CBCF6ED296FE8470061104A /* Resources */,
			);
			buildRules = (
			);
			dependencies = (
			);
			name = "cowboy run";
			productName = "cowboy run";
			productReference = 5CBCF6EF296FE8470061104A /* cowboy run.app */;
			productType = "com.apple.product-type.application";
		};
		5CBCF707296FE8490061104A /* cowboy runTests */ = {
			isa = PBXNativeTarget;
			buildConfigurationList = 5CBCF71F296FE8490061104A /* Build configuration list for PBXNativeTarget "cowboy runTests" */;
			buildPhases = (
				5CBCF704296FE8490061104A /* Sources */,
				5CBCF705296FE8490061104A /* Frameworks */,
				5CBCF706296FE8490061104A /* Resources */,
			);
			buildRules = (
			);
			dependencies = (
				5CBCF70A296FE8490061104A /* PBXTargetDependency */,
			);
			name = "cowboy runTests";
			productName = "cowboy runTests";
			productReference = 5CBCF708296FE8490061104A /* cowboy runTests.xctest */;
			productType = "com.apple.product-type.bundle.unit-test";
		};
		5CBCF711296FE8490061104A /* cowboy runUITests */ = {
			isa = PBXNativeTarget;
			buildConfigurationList = 5CBCF722296FE8490061104A /* Build configuration list for PBXNativeTarget "cowboy runUITests" */;
			buildPhases = (
				5CBCF70E296FE8490061104A /* Sources */,
				5CBCF70F296FE8490061104A /* Frameworks */,
				5CBCF710296FE8490061104A /* Resources */,
			);
			buildRules = (
			);
			dependencies = (
				5CBCF714296FE8490061104A /* PBXTargetDependency */,
			);
			name = "cowboy runUITests";
			productName = "cowboy runUITests";
			productReference = 5CBCF712296FE8490061104A /* cowboy runUITests.xctest */;
			productType = "com.apple.product-type.bundle.ui-testing";
		};
/* End PBXNativeTarget section */

/* Begin PBXProject section */
		5CBCF6E7296FE8470061104A /* Project object */ = {
			isa = PBXProject;
			attributes = {
				BuildIndependentTargetsInParallel = 1;
				LastSwiftUpdateCheck = 1410;
				LastUpgradeCheck = 1410;
				TargetAttributes = {
					5CBCF6EE296FE8470061104A = {
						CreatedOnToolsVersion = 14.1;
					};
					5CBCF707296FE8490061104A = {
						CreatedOnToolsVersion = 14.1;
						TestTargetID = 5CBCF6EE296FE8470061104A;
					};
					5CBCF711296FE8490061104A = {
						CreatedOnToolsVersion = 14.1;
						TestTargetID = 5CBCF6EE296FE8470061104A;
					};
				};
			};
			buildConfigurationList = 5CBCF6EA296FE8470061104A /* Build configuration list for PBXProject "cowboy run" */;
			compatibilityVersion = "Xcode 14.0";
			developmentRegion = en;
			hasScannedForEncodings = 0;
			knownRegions = (
				en,
				Base,
			);
			mainGroup = 5CBCF6E6296FE8470061104A;
			productRefGroup = 5CBCF6F0296FE8470061104A /* Products */;
			projectDirPath = "";
			projectRoot = "";
			targets = (
				5CBCF6EE296FE8470061104A /* cowboy run */,
				5CBCF707296FE8490061104A /* cowboy runTests */,
				5CBCF711296FE8490061104A /* cowboy runUITests */,
			);
		};
/* End PBXProject section */

/* Begin PBXResourcesBuildPhase section */
		5CBCF6ED296FE8470061104A /* Resources */ = {
			isa = PBXResourcesBuildPhase;
			buildActionMask = 2147483647;
			files = (
				5C5BD7F8297903630037CCBA /* PEPSI_pl.ttf in Resources */,
				5C5B1C282979F597008059A0 /* Level_1-1.sks in Resources */,
				5C5B1C3C297A07DD008059A0 /* background.wav in Resources */,
				5CB5A2D2297B73E5009F29D8 /* Level_0-3.sks in Resources */,
				5C5B1C262979E725008059A0 /* PowerupEmitter.sks in Resources */,
				5CBCF6FE296FE8470061104A /* Main.storyboard in Resources */,
				5CFC88AE2977839D00791959 /* up-down-rotate.sks in Resources */,
				5C5B1C33297A03AA008059A0 /* gameover.wav in Resources */,
				5CBCF72C2970EE3D0061104A /* Level_0-1.sks in Resources */,
				5C5B1C31297A03A4008059A0 /* completed.wav in Resources */,
				5CBCF72F2970EEFA0061104A /* TileSets.sks in Resources */,
				5CB5A2CE297B73C9009F29D8 /* Level_0-2.sks in Resources */,
				5CBCF700296FE8490061104A /* Assets.xcassets in Resources */,
				5CB5A2CC297A38F7009F29D8 /* powerup.wav in Resources */,
				5CA186752977807600C4B3FA /* MyActions.sks in Resources */,
				5CB5A2D0297B73DC009F29D8 /* Level_1-2.sks in Resources */,
				5C5BD7E82977515C0037CCBA /* BrakeMagicEmitter.sks in Resources */,
				5C5B1C2E297A039E008059A0 /* button.wav in Resources */,
				5CB5A2D4297B73F1009F29D8 /* Level_1-3.sks in Resources */,
				5C5BD7E2297748670037CCBA /* Assets.xcassets in Resources */,
				5C5B1C2F297A039E008059A0 /* coin.wav in Resources */,
				5CBCF703296FE8490061104A /* LaunchScreen.storyboard in Resources */,
				5C5BD7E1297748670037CCBA /* CoinDustEmitter.sks in Resources */,
			);
			runOnlyForDeploymentPostprocessing = 0;
		};
		5CBCF706296FE8490061104A /* Resources */ = {
			isa = PBXResourcesBuildPhase;
			buildActionMask = 2147483647;
			files = (
			);
			runOnlyForDeploymentPostprocessing = 0;
		};
		5CBCF710296FE8490061104A /* Resources */ = {
			isa = PBXResourcesBuildPhase;
			buildActionMask = 2147483647;
			files = (
			);
			runOnlyForDeploymentPostprocessing = 0;
		};
/* End PBXResourcesBuildPhase section */

/* Begin PBXSourcesBuildPhase section */
		5CBCF6EB296FE8470061104A /* Sources */ = {
			isa = PBXSourcesBuildPhase;
			buildActionMask = 2147483647;
			files = (
				5CB5A2CA297A3774009F29D8 /* SoundPlayer.swift in Sources */,
				5CBCF6F9296FE8470061104A /* GameScene.swift in Sources */,
				5CBCF7322970F25E0061104A /* SKNode+Extensions.swift in Sources */,
				5CFC88B1297789E800791959 /* HUDDelegate.swift in Sources */,
				5C5BD7FA297907230037CCBA /* SceneManagerDelegate.swift in Sources */,
				5C8772E129720CCD008E6F2C /* Layer.swift in Sources */,
				5C5BD7EA29789FB90037CCBA /* PopupNode.swift in Sources */,
				5CFC88B329778A3700791959 /* GameHUD.swift in Sources */,
				5C5BD7F42978AD340037CCBA /* ScoreManager.swift in Sources */,
				5CBCF6FB296FE8470061104A /* GameViewController.swift in Sources */,
				5C5BD7FC29790B6C0037CCBA /* LevelScene.swift in Sources */,
				5CA186732976426E00C4B3FA /* ObjectHelper.swift in Sources */,
				5C5BD7F02978A04D0037CCBA /* PopupButtonHandlerDelegate.swift in Sources */,
				5C8772E82974C161008E6F2C /* Player.swift in Sources */,
				5C5BD7EC29789FFF0037CCBA /* ScorePopupNode.swift in Sources */,
				5C8772E52974BCF8008E6F2C /* GameConstants.swift in Sources */,
				5C5BD7F62978FF130037CCBA /* MenuScene.swift in Sources */,
				5C5BD7DD2977467F0037CCBA /* ParticleHelper.swift in Sources */,
				5CAC6FA12975DF5500A116A0 /* AnimationHelper.swift in Sources */,
				5CBCF6F3296FE8470061104A /* AppDelegate.swift in Sources */,
				5C5BD7F22978A0B30037CCBA /* SpriteKitButton.swift in Sources */,
				5C8772E32974B898008E6F2C /* RepeatingLayer.swift in Sources */,
				5CAC6F9F2974E85A00A116A0 /* GroundNode.swift in Sources */,
				5C5BD7EE2978A02B0037CCBA /* BannerLabel.swift in Sources */,
				5C8772EB2974CB42008E6F2C /* PhysicsHelper.swift in Sources */,
			);
			runOnlyForDeploymentPostprocessing = 0;
		};
		5CBCF704296FE8490061104A /* Sources */ = {
			isa = PBXSourcesBuildPhase;
			buildActionMask = 2147483647;
			files = (
				5CBCF70D296FE8490061104A /* cowboy_runTests.swift in Sources */,
			);
			runOnlyForDeploymentPostprocessing = 0;
		};
		5CBCF70E296FE8490061104A /* Sources */ = {
			isa = PBXSourcesBuildPhase;
			buildActionMask = 2147483647;
			files = (
				5CBCF717296FE8490061104A /* cowboy_runUITests.swift in Sources */,
				5CBCF719296FE8490061104A /* cowboy_runUITestsLaunchTests.swift in Sources */,
			);
			runOnlyForDeploymentPostprocessing = 0;
		};
/* End PBXSourcesBuildPhase section */

/* Begin PBXTargetDependency section */
		5CBCF70A296FE8490061104A /* PBXTargetDependency */ = {
			isa = PBXTargetDependency;
			target = 5CBCF6EE296FE8470061104A /* cowboy run */;
			targetProxy = 5CBCF709296FE8490061104A /* PBXContainerItemProxy */;
		};
		5CBCF714296FE8490061104A /* PBXTargetDependency */ = {
			isa = PBXTargetDependency;
			target = 5CBCF6EE296FE8470061104A /* cowboy run */;
			targetProxy = 5CBCF713296FE8490061104A /* PBXContainerItemProxy */;
		};
/* End PBXTargetDependency section */

/* Begin PBXVariantGroup section */
		5CBCF6FC296FE8470061104A /* Main.storyboard */ = {
			isa = PBXVariantGroup;
			children = (
				5CBCF6FD296FE8470061104A /* Base */,
			);
			name = Main.storyboard;
			sourceTree = "<group>";
		};
		5CBCF701296FE8490061104A /* LaunchScreen.storyboard */ = {
			isa = PBXVariantGroup;
			children = (
				5CBCF702296FE8490061104A /* Base */,
			);
			name = LaunchScreen.storyboard;
			sourceTree = "<group>";
		};
/* End PBXVariantGroup section */

/* Begin XCBuildConfiguration section */
		5CBCF71A296FE8490061104A /* Debug */ = {
			isa = XCBuildConfiguration;
			buildSettings = {
				ALWAYS_SEARCH_USER_PATHS = NO;
				CLANG_ANALYZER_NONNULL = YES;
				CLANG_ANALYZER_NUMBER_OBJECT_CONVERSION = YES_AGGRESSIVE;
				CLANG_CXX_LANGUAGE_STANDARD = "gnu++20";
				CLANG_ENABLE_MODULES = YES;
				CLANG_ENABLE_OBJC_ARC = YES;
				CLANG_ENABLE_OBJC_WEAK = YES;
				CLANG_WARN_BLOCK_CAPTURE_AUTORELEASING = YES;
				CLANG_WARN_BOOL_CONVERSION = YES;
				CLANG_WARN_COMMA = YES;
				CLANG_WARN_CONSTANT_CONVERSION = YES;
				CLANG_WARN_DEPRECATED_OBJC_IMPLEMENTATIONS = YES;
				CLANG_WARN_DIRECT_OBJC_ISA_USAGE = YES_ERROR;
				CLANG_WARN_DOCUMENTATION_COMMENTS = YES;
				CLANG_WARN_EMPTY_BODY = YES;
				CLANG_WARN_ENUM_CONVERSION = YES;
				CLANG_WARN_INFINITE_RECURSION = YES;
				CLANG_WARN_INT_CONVERSION = YES;
				CLANG_WARN_NON_LITERAL_NULL_CONVERSION = YES;
				CLANG_WARN_OBJC_IMPLICIT_RETAIN_SELF = YES;
				CLANG_WARN_OBJC_LITERAL_CONVERSION = YES;
				CLANG_WARN_OBJC_ROOT_CLASS = YES_ERROR;
				CLANG_WARN_QUOTED_INCLUDE_IN_FRAMEWORK_HEADER = YES;
				CLANG_WARN_RANGE_LOOP_ANALYSIS = YES;
				CLANG_WARN_STRICT_PROTOTYPES = YES;
				CLANG_WARN_SUSPICIOUS_MOVE = YES;
				CLANG_WARN_UNGUARDED_AVAILABILITY = YES_AGGRESSIVE;
				CLANG_WARN_UNREACHABLE_CODE = YES;
				CLANG_WARN__DUPLICATE_METHOD_MATCH = YES;
				COPY_PHASE_STRIP = NO;
				DEBUG_INFORMATION_FORMAT = dwarf;
				ENABLE_STRICT_OBJC_MSGSEND = YES;
				ENABLE_TESTABILITY = YES;
				GCC_C_LANGUAGE_STANDARD = gnu11;
				GCC_DYNAMIC_NO_PIC = NO;
				GCC_NO_COMMON_BLOCKS = YES;
				GCC_OPTIMIZATION_LEVEL = 0;
				GCC_PREPROCESSOR_DEFINITIONS = (
					"DEBUG=1",
					"$(inherited)",
				);
				GCC_WARN_64_TO_32_BIT_CONVERSION = YES;
				GCC_WARN_ABOUT_RETURN_TYPE = YES_ERROR;
				GCC_WARN_UNDECLARED_SELECTOR = YES;
				GCC_WARN_UNINITIALIZED_AUTOS = YES_AGGRESSIVE;
				GCC_WARN_UNUSED_FUNCTION = YES;
				GCC_WARN_UNUSED_VARIABLE = YES;
				IPHONEOS_DEPLOYMENT_TARGET = 16.1;
				MTL_ENABLE_DEBUG_INFO = INCLUDE_SOURCE;
				MTL_FAST_MATH = YES;
				ONLY_ACTIVE_ARCH = YES;
				SDKROOT = iphoneos;
				SWIFT_ACTIVE_COMPILATION_CONDITIONS = DEBUG;
				SWIFT_OPTIMIZATION_LEVEL = "-Onone";
			};
			name = Debug;
		};
		5CBCF71B296FE8490061104A /* Release */ = {
			isa = XCBuildConfiguration;
			buildSettings = {
				ALWAYS_SEARCH_USER_PATHS = NO;
				CLANG_ANALYZER_NONNULL = YES;
				CLANG_ANALYZER_NUMBER_OBJECT_CONVERSION = YES_AGGRESSIVE;
				CLANG_CXX_LANGUAGE_STANDARD = "gnu++20";
				CLANG_ENABLE_MODULES = YES;
				CLANG_ENABLE_OBJC_ARC = YES;
				CLANG_ENABLE_OBJC_WEAK = YES;
				CLANG_WARN_BLOCK_CAPTURE_AUTORELEASING = YES;
				CLANG_WARN_BOOL_CONVERSION = YES;
				CLANG_WARN_COMMA = YES;
				CLANG_WARN_CONSTANT_CONVERSION = YES;
				CLANG_WARN_DEPRECATED_OBJC_IMPLEMENTATIONS = YES;
				CLANG_WARN_DIRECT_OBJC_ISA_USAGE = YES_ERROR;
				CLANG_WARN_DOCUMENTATION_COMMENTS = YES;
				CLANG_WARN_EMPTY_BODY = YES;
				CLANG_WARN_ENUM_CONVERSION = YES;
				CLANG_WARN_INFINITE_RECURSION = YES;
				CLANG_WARN_INT_CONVERSION = YES;
				CLANG_WARN_NON_LITERAL_NULL_CONVERSION = YES;
				CLANG_WARN_OBJC_IMPLICIT_RETAIN_SELF = YES;
				CLANG_WARN_OBJC_LITERAL_CONVERSION = YES;
				CLANG_WARN_OBJC_ROOT_CLASS = YES_ERROR;
				CLANG_WARN_QUOTED_INCLUDE_IN_FRAMEWORK_HEADER = YES;
				CLANG_WARN_RANGE_LOOP_ANALYSIS = YES;
				CLANG_WARN_STRICT_PROTOTYPES = YES;
				CLANG_WARN_SUSPICIOUS_MOVE = YES;
				CLANG_WARN_UNGUARDED_AVAILABILITY = YES_AGGRESSIVE;
				CLANG_WARN_UNREACHABLE_CODE = YES;
				CLANG_WARN__DUPLICATE_METHOD_MATCH = YES;
				COPY_PHASE_STRIP = NO;
				DEBUG_INFORMATION_FORMAT = "dwarf-with-dsym";
				ENABLE_NS_ASSERTIONS = NO;
				ENABLE_STRICT_OBJC_MSGSEND = YES;
				GCC_C_LANGUAGE_STANDARD = gnu11;
				GCC_NO_COMMON_BLOCKS = YES;
				GCC_WARN_64_TO_32_BIT_CONVERSION = YES;
				GCC_WARN_ABOUT_RETURN_TYPE = YES_ERROR;
				GCC_WARN_UNDECLARED_SELECTOR = YES;
				GCC_WARN_UNINITIALIZED_AUTOS = YES_AGGRESSIVE;
				GCC_WARN_UNUSED_FUNCTION = YES;
				GCC_WARN_UNUSED_VARIABLE = YES;
				IPHONEOS_DEPLOYMENT_TARGET = 16.1;
				MTL_ENABLE_DEBUG_INFO = NO;
				MTL_FAST_MATH = YES;
				SDKROOT = iphoneos;
				SWIFT_COMPILATION_MODE = wholemodule;
				SWIFT_OPTIMIZATION_LEVEL = "-O";
				VALIDATE_PRODUCT = YES;
			};
			name = Release;
		};
		5CBCF71D296FE8490061104A /* Debug */ = {
			isa = XCBuildConfiguration;
			buildSettings = {
				ASSETCATALOG_COMPILER_APPICON_NAME = AppIcon;
				ASSETCATALOG_COMPILER_GLOBAL_ACCENT_COLOR_NAME = AccentColor;
				CODE_SIGN_STYLE = Automatic;
				CURRENT_PROJECT_VERSION = 1;
				DEVELOPMENT_TEAM = 9NHVUWY5RP;
				GENERATE_INFOPLIST_FILE = YES;
				INFOPLIST_FILE = "cowboy-run-Info.plist";
				INFOPLIST_KEY_UIApplicationSupportsIndirectInputEvents = YES;
				INFOPLIST_KEY_UILaunchStoryboardName = LaunchScreen;
				INFOPLIST_KEY_UIMainStoryboardFile = Main;
				INFOPLIST_KEY_UIStatusBarHidden = YES;
				INFOPLIST_KEY_UISupportedInterfaceOrientations = UIInterfaceOrientationPortrait;
				INFOPLIST_KEY_UISupportedInterfaceOrientations_iPad = UIInterfaceOrientationPortrait;
				IPHONEOS_DEPLOYMENT_TARGET = 14.1;
				LD_RUNPATH_SEARCH_PATHS = (
					"$(inherited)",
					"@executable_path/Frameworks",
				);
				MARKETING_VERSION = 1.0;
				PRODUCT_BUNDLE_IDENTIFIER = "com.bozhong.cowboy-run";
				PRODUCT_NAME = "$(TARGET_NAME)";
				SUPPORTED_PLATFORMS = "iphoneos iphonesimulator";
				SUPPORTS_MACCATALYST = NO;
				SUPPORTS_MAC_DESIGNED_FOR_IPHONE_IPAD = NO;
				SWIFT_EMIT_LOC_STRINGS = YES;
				SWIFT_VERSION = 5.0;
				TARGETED_DEVICE_FAMILY = 1;
			};
			name = Debug;
		};
		5CBCF71E296FE8490061104A /* Release */ = {
			isa = XCBuildConfiguration;
			buildSettings = {
				ASSETCATALOG_COMPILER_APPICON_NAME = AppIcon;
				ASSETCATALOG_COMPILER_GLOBAL_ACCENT_COLOR_NAME = AccentColor;
				CODE_SIGN_STYLE = Automatic;
				CURRENT_PROJECT_VERSION = 1;
				DEVELOPMENT_TEAM = 9NHVUWY5RP;
				GENERATE_INFOPLIST_FILE = YES;
				INFOPLIST_FILE = "cowboy-run-Info.plist";
				INFOPLIST_KEY_UIApplicationSupportsIndirectInputEvents = YES;
				INFOPLIST_KEY_UILaunchStoryboardName = LaunchScreen;
				INFOPLIST_KEY_UIMainStoryboardFile = Main;
				INFOPLIST_KEY_UIStatusBarHidden = YES;
				INFOPLIST_KEY_UISupportedInterfaceOrientations = UIInterfaceOrientationPortrait;
				INFOPLIST_KEY_UISupportedInterfaceOrientations_iPad = UIInterfaceOrientationPortrait;
				IPHONEOS_DEPLOYMENT_TARGET = 14.1;
				LD_RUNPATH_SEARCH_PATHS = (
					"$(inherited)",
					"@executable_path/Frameworks",
				);
				MARKETING_VERSION = 1.0;
				PRODUCT_BUNDLE_IDENTIFIER = "com.bozhong.cowboy-run";
				PRODUCT_NAME = "$(TARGET_NAME)";
				SUPPORTED_PLATFORMS = "iphoneos iphonesimulator";
				SUPPORTS_MACCATALYST = NO;
				SUPPORTS_MAC_DESIGNED_FOR_IPHONE_IPAD = NO;
				SWIFT_EMIT_LOC_STRINGS = YES;
				SWIFT_VERSION = 5.0;
				TARGETED_DEVICE_FAMILY = 1;
			};
			name = Release;
		};
		5CBCF720296FE8490061104A /* Debug */ = {
			isa = XCBuildConfiguration;
			buildSettings = {
				ALWAYS_EMBED_SWIFT_STANDARD_LIBRARIES = YES;
				BUNDLE_LOADER = "$(TEST_HOST)";
				CODE_SIGN_STYLE = Automatic;
				CURRENT_PROJECT_VERSION = 1;
				DEVELOPMENT_TEAM = 9NHVUWY5RP;
				GENERATE_INFOPLIST_FILE = YES;
				IPHONEOS_DEPLOYMENT_TARGET = 16.1;
				MARKETING_VERSION = 1.0;
				PRODUCT_BUNDLE_IDENTIFIER = "com.bozhong.cowboy-runTests";
				PRODUCT_NAME = "$(TARGET_NAME)";
				SWIFT_EMIT_LOC_STRINGS = NO;
				SWIFT_VERSION = 5.0;
				TARGETED_DEVICE_FAMILY = "1,2";
				TEST_HOST = "$(BUILT_PRODUCTS_DIR)/cowboy run.app/$(BUNDLE_EXECUTABLE_FOLDER_PATH)/cowboy run";
			};
			name = Debug;
		};
		5CBCF721296FE8490061104A /* Release */ = {
			isa = XCBuildConfiguration;
			buildSettings = {
				ALWAYS_EMBED_SWIFT_STANDARD_LIBRARIES = YES;
				BUNDLE_LOADER = "$(TEST_HOST)";
				CODE_SIGN_STYLE = Automatic;
				CURRENT_PROJECT_VERSION = 1;
				DEVELOPMENT_TEAM = 9NHVUWY5RP;
				GENERATE_INFOPLIST_FILE = YES;
				IPHONEOS_DEPLOYMENT_TARGET = 16.1;
				MARKETING_VERSION = 1.0;
				PRODUCT_BUNDLE_IDENTIFIER = "com.bozhong.cowboy-runTests";
				PRODUCT_NAME = "$(TARGET_NAME)";
				SWIFT_EMIT_LOC_STRINGS = NO;
				SWIFT_VERSION = 5.0;
				TARGETED_DEVICE_FAMILY = "1,2";
				TEST_HOST = "$(BUILT_PRODUCTS_DIR)/cowboy run.app/$(BUNDLE_EXECUTABLE_FOLDER_PATH)/cowboy run";
			};
			name = Release;
		};
		5CBCF723296FE8490061104A /* Debug */ = {
			isa = XCBuildConfiguration;
			buildSettings = {
				ALWAYS_EMBED_SWIFT_STANDARD_LIBRARIES = YES;
				CODE_SIGN_STYLE = Automatic;
				CURRENT_PROJECT_VERSION = 1;
				DEVELOPMENT_TEAM = 9NHVUWY5RP;
				GENERATE_INFOPLIST_FILE = YES;
				MARKETING_VERSION = 1.0;
				PRODUCT_BUNDLE_IDENTIFIER = "com.bozhong.cowboy-runUITests";
				PRODUCT_NAME = "$(TARGET_NAME)";
				SWIFT_EMIT_LOC_STRINGS = NO;
				SWIFT_VERSION = 5.0;
				TARGETED_DEVICE_FAMILY = "1,2";
				TEST_TARGET_NAME = "cowboy run";
			};
			name = Debug;
		};
		5CBCF724296FE8490061104A /* Release */ = {
			isa = XCBuildConfiguration;
			buildSettings = {
				ALWAYS_EMBED_SWIFT_STANDARD_LIBRARIES = YES;
				CODE_SIGN_STYLE = Automatic;
				CURRENT_PROJECT_VERSION = 1;
				DEVELOPMENT_TEAM = 9NHVUWY5RP;
				GENERATE_INFOPLIST_FILE = YES;
				MARKETING_VERSION = 1.0;
				PRODUCT_BUNDLE_IDENTIFIER = "com.bozhong.cowboy-runUITests";
				PRODUCT_NAME = "$(TARGET_NAME)";
				SWIFT_EMIT_LOC_STRINGS = NO;
				SWIFT_VERSION = 5.0;
				TARGETED_DEVICE_FAMILY = "1,2";
				TEST_TARGET_NAME = "cowboy run";
			};
			name = Release;
		};
/* End XCBuildConfiguration section */

/* Begin XCConfigurationList section */
		5CBCF6EA296FE8470061104A /* Build configuration list for PBXProject "cowboy run" */ = {
			isa = XCConfigurationList;
			buildConfigurations = (
				5CBCF71A296FE8490061104A /* Debug */,
				5CBCF71B296FE8490061104A /* Release */,
			);
			defaultConfigurationIsVisible = 0;
			defaultConfigurationName = Release;
		};
		5CBCF71C296FE8490061104A /* Build configuration list for PBXNativeTarget "cowboy run" */ = {
			isa = XCConfigurationList;
			buildConfigurations = (
				5CBCF71D296FE8490061104A /* Debug */,
				5CBCF71E296FE8490061104A /* Release */,
			);
			defaultConfigurationIsVisible = 0;
			defaultConfigurationName = Release;
		};
		5CBCF71F296FE8490061104A /* Build configuration list for PBXNativeTarget "cowboy runTests" */ = {
			isa = XCConfigurationList;
			buildConfigurations = (
				5CBCF720296FE8490061104A /* Debug */,
				5CBCF721296FE8490061104A /* Release */,
			);
			defaultConfigurationIsVisible = 0;
			defaultConfigurationName = Release;
		};
		5CBCF722296FE8490061104A /* Build configuration list for PBXNativeTarget "cowboy runUITests" */ = {
			isa = XCConfigurationList;
			buildConfigurations = (
				5CBCF723296FE8490061104A /* Debug */,
				5CBCF724296FE8490061104A /* Release */,
			);
			defaultConfigurationIsVisible = 0;
			defaultConfigurationName = Release;
		};
/* End XCConfigurationList section */
	};
	rootObject = 5CBCF6E7296FE8470061104A /* Project object */;
}
